// !$*UTF8*$!
{
	archiveVersion = 1;
	classes = {
	};
	objectVersion = 56;
	objects = {

/* Begin PBXBuildFile section */
		AD1296922C83550500134E29 /* AppDelegate.swift in Sources */ = {isa = PBXBuildFile; fileRef = AD1296912C83550500134E29 /* AppDelegate.swift */; };
		AD1296942C83550500134E29 /* SceneDelegate.swift in Sources */ = {isa = PBXBuildFile; fileRef = AD1296932C83550500134E29 /* SceneDelegate.swift */; };
		AD1296962C83550500134E29 /* ViewController.swift in Sources */ = {isa = PBXBuildFile; fileRef = AD1296952C83550500134E29 /* ViewController.swift */; };
		AD1296992C83550500134E29 /* Main.storyboard in Resources */ = {isa = PBXBuildFile; fileRef = AD1296972C83550500134E29 /* Main.storyboard */; };
		AD12969B2C83550700134E29 /* Assets.xcassets in Resources */ = {isa = PBXBuildFile; fileRef = AD12969A2C83550700134E29 /* Assets.xcassets */; };
		AD12969E2C83550700134E29 /* LaunchScreen.storyboard in Resources */ = {isa = PBXBuildFile; fileRef = AD12969C2C83550700134E29 /* LaunchScreen.storyboard */; };
		AD1296A92C83550700134E29 /* WordleTests.swift in Sources */ = {isa = PBXBuildFile; fileRef = AD1296A82C83550700134E29 /* WordleTests.swift */; };
		AD1296B32C83550700134E29 /* WordleUITests.swift in Sources */ = {isa = PBXBuildFile; fileRef = AD1296B22C83550700134E29 /* WordleUITests.swift */; };
		AD1296B52C83550700134E29 /* WordleUITestsLaunchTests.swift in Sources */ = {isa = PBXBuildFile; fileRef = AD1296B42C83550700134E29 /* WordleUITestsLaunchTests.swift */; };
		AD1296C52C83710900134E29 /* BoardViewController.swift in Sources */ = {isa = PBXBuildFile; fileRef = AD1296C42C83710900134E29 /* BoardViewController.swift */; };
		AD1296C72C83712400134E29 /* KeyboardViewController.swift in Sources */ = {isa = PBXBuildFile; fileRef = AD1296C62C83712400134E29 /* KeyboardViewController.swift */; };
		AD1296C92C83755800134E29 /* KeyCell.swift in Sources */ = {isa = PBXBuildFile; fileRef = AD1296C82C83755800134E29 /* KeyCell.swift */; };
/* End PBXBuildFile section */

/* Begin PBXContainerItemProxy section */
		AD1296A52C83550700134E29 /* PBXContainerItemProxy */ = {
			isa = PBXContainerItemProxy;
			containerPortal = AD1296862C83550500134E29 /* Project object */;
			proxyType = 1;
			remoteGlobalIDString = AD12968D2C83550500134E29;
			remoteInfo = Wordle;
		};
		AD1296AF2C83550700134E29 /* PBXContainerItemProxy */ = {
			isa = PBXContainerItemProxy;
			containerPortal = AD1296862C83550500134E29 /* Project object */;
			proxyType = 1;
			remoteGlobalIDString = AD12968D2C83550500134E29;
			remoteInfo = Wordle;
		};
/* End PBXContainerItemProxy section */

/* Begin PBXFileReference section */
		AD12968E2C83550500134E29 /* Wordle.app */ = {isa = PBXFileReference; explicitFileType = wrapper.application; includeInIndex = 0; path = Wordle.app; sourceTree = BUILT_PRODUCTS_DIR; };
		AD1296912C83550500134E29 /* AppDelegate.swift */ = {isa = PBXFileReference; lastKnownFileType = sourcecode.swift; path = AppDelegate.swift; sourceTree = "<group>"; };
		AD1296932C83550500134E29 /* SceneDelegate.swift */ = {isa = PBXFileReference; lastKnownFileType = sourcecode.swift; path = SceneDelegate.swift; sourceTree = "<group>"; };
		AD1296952C83550500134E29 /* ViewController.swift */ = {isa = PBXFileReference; lastKnownFileType = sourcecode.swift; path = ViewController.swift; sourceTree = "<group>"; };
		AD1296982C83550500134E29 /* Base */ = {isa = PBXFileReference; lastKnownFileType = file.storyboard; name = Base; path = Base.lproj/Main.storyboard; sourceTree = "<group>"; };
		AD12969A2C83550700134E29 /* Assets.xcassets */ = {isa = PBXFileReference; lastKnownFileType = folder.assetcatalog; path = Assets.xcassets; sourceTree = "<group>"; };
		AD12969D2C83550700134E29 /* Base */ = {isa = PBXFileReference; lastKnownFileType = file.storyboard; name = Base; path = Base.lproj/LaunchScreen.storyboard; sourceTree = "<group>"; };
		AD12969F2C83550700134E29 /* Info.plist */ = {isa = PBXFileReference; lastKnownFileType = text.plist.xml; path = Info.plist; sourceTree = "<group>"; };
		AD1296A42C83550700134E29 /* WordleTests.xctest */ = {isa = PBXFileReference; explicitFileType = wrapper.cfbundle; includeInIndex = 0; path = WordleTests.xctest; sourceTree = BUILT_PRODUCTS_DIR; };
		AD1296A82C83550700134E29 /* WordleTests.swift */ = {isa = PBXFileReference; lastKnownFileType = sourcecode.swift; path = WordleTests.swift; sourceTree = "<group>"; };
		AD1296AE2C83550700134E29 /* WordleUITests.xctest */ = {isa = PBXFileReference; explicitFileType = wrapper.cfbundle; includeInIndex = 0; path = WordleUITests.xctest; sourceTree = BUILT_PRODUCTS_DIR; };
		AD1296B22C83550700134E29 /* WordleUITests.swift */ = {isa = PBXFileReference; lastKnownFileType = sourcecode.swift; path = WordleUITests.swift; sourceTree = "<group>"; };
		AD1296B42C83550700134E29 /* WordleUITestsLaunchTests.swift */ = {isa = PBXFileReference; lastKnownFileType = sourcecode.swift; path = WordleUITestsLaunchTests.swift; sourceTree = "<group>"; };
		AD1296C42C83710900134E29 /* BoardViewController.swift */ = {isa = PBXFileReference; lastKnownFileType = sourcecode.swift; path = BoardViewController.swift; sourceTree = "<group>"; };
		AD1296C62C83712400134E29 /* KeyboardViewController.swift */ = {isa = PBXFileReference; lastKnownFileType = sourcecode.swift; path = KeyboardViewController.swift; sourceTree = "<group>"; };
		AD1296C82C83755800134E29 /* KeyCell.swift */ = {isa = PBXFileReference; lastKnownFileType = sourcecode.swift; path = KeyCell.swift; sourceTree = "<group>"; };
/* End PBXFileReference section */

/* Begin PBXFrameworksBuildPhase section */
		AD12968B2C83550500134E29 /* Frameworks */ = {
			isa = PBXFrameworksBuildPhase;
			buildActionMask = 2147483647;
			files = (
			);
			runOnlyForDeploymentPostprocessing = 0;
		};
		AD1296A12C83550700134E29 /* Frameworks */ = {
			isa = PBXFrameworksBuildPhase;
			buildActionMask = 2147483647;
			files = (
			);
			runOnlyForDeploymentPostprocessing = 0;
		};
		AD1296AB2C83550700134E29 /* Frameworks */ = {
			isa = PBXFrameworksBuildPhase;
			buildActionMask = 2147483647;
			files = (
			);
			runOnlyForDeploymentPostprocessing = 0;
		};
/* End PBXFrameworksBuildPhase section */

/* Begin PBXGroup section */
		AD1296852C83550500134E29 = {
			isa = PBXGroup;
			children = (
				AD1296902C83550500134E29 /* Wordle */,
				AD1296A72C83550700134E29 /* WordleTests */,
				AD1296B12C83550700134E29 /* WordleUITests */,
				AD12968F2C83550500134E29 /* Products */,
			);
			sourceTree = "<group>";
		};
		AD12968F2C83550500134E29 /* Products */ = {
			isa = PBXGroup;
			children = (
				AD12968E2C83550500134E29 /* Wordle.app */,
				AD1296A42C83550700134E29 /* WordleTests.xctest */,
				AD1296AE2C83550700134E29 /* WordleUITests.xctest */,
			);
			name = Products;
			sourceTree = "<group>";
		};
		AD1296902C83550500134E29 /* Wordle */ = {
			isa = PBXGroup;
			children = (
				AD1296C32C83558200134E29 /* Other */,
				AD1296C22C83557700134E29 /* Core */,
				AD12969F2C83550700134E29 /* Info.plist */,
			);
			path = Wordle;
			sourceTree = "<group>";
		};
		AD1296A72C83550700134E29 /* WordleTests */ = {
			isa = PBXGroup;
			children = (
				AD1296A82C83550700134E29 /* WordleTests.swift */,
			);
			path = WordleTests;
			sourceTree = "<group>";
		};
		AD1296B12C83550700134E29 /* WordleUITests */ = {
			isa = PBXGroup;
			children = (
				AD1296B22C83550700134E29 /* WordleUITests.swift */,
				AD1296B42C83550700134E29 /* WordleUITestsLaunchTests.swift */,
			);
			path = WordleUITests;
			sourceTree = "<group>";
		};
		AD1296C22C83557700134E29 /* Core */ = {
			isa = PBXGroup;
			children = (
				AD1296952C83550500134E29 /* ViewController.swift */,
				AD1296C42C83710900134E29 /* BoardViewController.swift */,
				AD1296C62C83712400134E29 /* KeyboardViewController.swift */,
				AD1296C82C83755800134E29 /* KeyCell.swift */,
			);
			path = Core;
			sourceTree = "<group>";
		};
		AD1296C32C83558200134E29 /* Other */ = {
			isa = PBXGroup;
			children = (
				AD1296912C83550500134E29 /* AppDelegate.swift */,
				AD1296932C83550500134E29 /* SceneDelegate.swift */,
				AD1296972C83550500134E29 /* Main.storyboard */,
				AD12969A2C83550700134E29 /* Assets.xcassets */,
				AD12969C2C83550700134E29 /* LaunchScreen.storyboard */,
			);
			path = Other;
			sourceTree = "<group>";
		};
/* End PBXGroup section */

/* Begin PBXNativeTarget section */
		AD12968D2C83550500134E29 /* Wordle */ = {
			isa = PBXNativeTarget;
			buildConfigurationList = AD1296B82C83550700134E29 /* Build configuration list for PBXNativeTarget "Wordle" */;
			buildPhases = (
				AD12968A2C83550500134E29 /* Sources */,
				AD12968B2C83550500134E29 /* Frameworks */,
				AD12968C2C83550500134E29 /* Resources */,
			);
			buildRules = (
			);
			dependencies = (
			);
			name = Wordle;
			productName = Wordle;
			productReference = AD12968E2C83550500134E29 /* Wordle.app */;
			productType = "com.apple.product-type.application";
		};
		AD1296A32C83550700134E29 /* WordleTests */ = {
			isa = PBXNativeTarget;
			buildConfigurationList = AD1296BB2C83550700134E29 /* Build configuration list for PBXNativeTarget "WordleTests" */;
			buildPhases = (
				AD1296A02C83550700134E29 /* Sources */,
				AD1296A12C83550700134E29 /* Frameworks */,
				AD1296A22C83550700134E29 /* Resources */,
			);
			buildRules = (
			);
			dependencies = (
				AD1296A62C83550700134E29 /* PBXTargetDependency */,
			);
			name = WordleTests;
			productName = WordleTests;
			productReference = AD1296A42C83550700134E29 /* WordleTests.xctest */;
			productType = "com.apple.product-type.bundle.unit-test";
		};
		AD1296AD2C83550700134E29 /* WordleUITests */ = {
			isa = PBXNativeTarget;
			buildConfigurationList = AD1296BE2C83550700134E29 /* Build configuration list for PBXNativeTarget "WordleUITests" */;
			buildPhases = (
				AD1296AA2C83550700134E29 /* Sources */,
				AD1296AB2C83550700134E29 /* Frameworks */,
				AD1296AC2C83550700134E29 /* Resources */,
			);
			buildRules = (
			);
			dependencies = (
				AD1296B02C83550700134E29 /* PBXTargetDependency */,
			);
			name = WordleUITests;
			productName = WordleUITests;
			productReference = AD1296AE2C83550700134E29 /* WordleUITests.xctest */;
			productType = "com.apple.product-type.bundle.ui-testing";
		};
/* End PBXNativeTarget section */

/* Begin PBXProject section */
		AD1296862C83550500134E29 /* Project object */ = {
			isa = PBXProject;
			attributes = {
				BuildIndependentTargetsInParallel = 1;
				LastSwiftUpdateCheck = 1500;
				LastUpgradeCheck = 1500;
				TargetAttributes = {
					AD12968D2C83550500134E29 = {
						CreatedOnToolsVersion = 15.0;
					};
					AD1296A32C83550700134E29 = {
						CreatedOnToolsVersion = 15.0;
						TestTargetID = AD12968D2C83550500134E29;
					};
					AD1296AD2C83550700134E29 = {
						CreatedOnToolsVersion = 15.0;
						TestTargetID = AD12968D2C83550500134E29;
					};
				};
			};
			buildConfigurationList = AD1296892C83550500134E29 /* Build configuration list for PBXProject "Wordle" */;
			compatibilityVersion = "Xcode 14.0";
			developmentRegion = en;
			hasScannedForEncodings = 0;
			knownRegions = (
				en,
				Base,
			);
			mainGroup = AD1296852C83550500134E29;
			productRefGroup = AD12968F2C83550500134E29 /* Products */;
			projectDirPath = "";
			projectRoot = "";
			targets = (
				AD12968D2C83550500134E29 /* Wordle */,
				AD1296A32C83550700134E29 /* WordleTests */,
				AD1296AD2C83550700134E29 /* WordleUITests */,
			);
		};
/* End PBXProject section */

/* Begin PBXResourcesBuildPhase section */
		AD12968C2C83550500134E29 /* Resources */ = {
			isa = PBXResourcesBuildPhase;
			buildActionMask = 2147483647;
			files = (
				AD12969E2C83550700134E29 /* LaunchScreen.storyboard in Resources */,
				AD12969B2C83550700134E29 /* Assets.xcassets in Resources */,
				AD1296992C83550500134E29 /* Main.storyboard in Resources */,
			);
			runOnlyForDeploymentPostprocessing = 0;
		};
		AD1296A22C83550700134E29 /* Resources */ = {
			isa = PBXResourcesBuildPhase;
			buildActionMask = 2147483647;
			files = (
			);
			runOnlyForDeploymentPostprocessing = 0;
		};
		AD1296AC2C83550700134E29 /* Resources */ = {
			isa = PBXResourcesBuildPhase;
			buildActionMask = 2147483647;
			files = (
			);
			runOnlyForDeploymentPostprocessing = 0;
		};
/* End PBXResourcesBuildPhase section */

/* Begin PBXSourcesBuildPhase section */
		AD12968A2C83550500134E29 /* Sources */ = {
			isa = PBXSourcesBuildPhase;
			buildActionMask = 2147483647;
			files = (
				AD1296962C83550500134E29 /* ViewController.swift in Sources */,
				AD1296C72C83712400134E29 /* KeyboardViewController.swift in Sources */,
				AD1296922C83550500134E29 /* AppDelegate.swift in Sources */,
				AD1296C92C83755800134E29 /* KeyCell.swift in Sources */,
				AD1296942C83550500134E29 /* SceneDelegate.swift in Sources */,
				AD1296C52C83710900134E29 /* BoardViewController.swift in Sources */,
			);
			runOnlyForDeploymentPostprocessing = 0;
		};
		AD1296A02C83550700134E29 /* Sources */ = {
			isa = PBXSourcesBuildPhase;
			buildActionMask = 2147483647;
			files = (
				AD1296A92C83550700134E29 /* WordleTests.swift in Sources */,
			);
			runOnlyForDeploymentPostprocessing = 0;
		};
		AD1296AA2C83550700134E29 /* Sources */ = {
			isa = PBXSourcesBuildPhase;
			buildActionMask = 2147483647;
			files = (
				AD1296B32C83550700134E29 /* WordleUITests.swift in Sources */,
				AD1296B52C83550700134E29 /* WordleUITestsLaunchTests.swift in Sources */,
			);
			runOnlyForDeploymentPostprocessing = 0;
		};
/* End PBXSourcesBuildPhase section */

/* Begin PBXTargetDependency section */
		AD1296A62C83550700134E29 /* PBXTargetDependency */ = {
			isa = PBXTargetDependency;
			target = AD12968D2C83550500134E29 /* Wordle */;
			targetProxy = AD1296A52C83550700134E29 /* PBXContainerItemProxy */;
		};
		AD1296B02C83550700134E29 /* PBXTargetDependency */ = {
			isa = PBXTargetDependency;
			target = AD12968D2C83550500134E29 /* Wordle */;
			targetProxy = AD1296AF2C83550700134E29 /* PBXContainerItemProxy */;
		};
/* End PBXTargetDependency section */

/* Begin PBXVariantGroup section */
		AD1296972C83550500134E29 /* Main.storyboard */ = {
			isa = PBXVariantGroup;
			children = (
				AD1296982C83550500134E29 /* Base */,
			);
			name = Main.storyboard;
			sourceTree = "<group>";
		};
		AD12969C2C83550700134E29 /* LaunchScreen.storyboard */ = {
			isa = PBXVariantGroup;
			children = (
				AD12969D2C83550700134E29 /* Base */,
			);
			name = LaunchScreen.storyboard;
			sourceTree = "<group>";
		};
/* End PBXVariantGroup section */

/* Begin XCBuildConfiguration section */
		AD1296B62C83550700134E29 /* Debug */ = {
			isa = XCBuildConfiguration;
			buildSettings = {
				ALWAYS_SEARCH_USER_PATHS = NO;
				ASSETCATALOG_COMPILER_GENERATE_SWIFT_ASSET_SYMBOL_EXTENSIONS = YES;
				CLANG_ANALYZER_NONNULL = YES;
				CLANG_ANALYZER_NUMBER_OBJECT_CONVERSION = YES_AGGRESSIVE;
				CLANG_CXX_LANGUAGE_STANDARD = "gnu++20";
				CLANG_ENABLE_MODULES = YES;
				CLANG_ENABLE_OBJC_ARC = YES;
				CLANG_ENABLE_OBJC_WEAK = YES;
				CLANG_WARN_BLOCK_CAPTURE_AUTORELEASING = YES;
				CLANG_WARN_BOOL_CONVERSION = YES;
				CLANG_WARN_COMMA = YES;
				CLANG_WARN_CONSTANT_CONVERSION = YES;
				CLANG_WARN_DEPRECATED_OBJC_IMPLEMENTATIONS = YES;
				CLANG_WARN_DIRECT_OBJC_ISA_USAGE = YES_ERROR;
				CLANG_WARN_DOCUMENTATION_COMMENTS = YES;
				CLANG_WARN_EMPTY_BODY = YES;
				CLANG_WARN_ENUM_CONVERSION = YES;
				CLANG_WARN_INFINITE_RECURSION = YES;
				CLANG_WARN_INT_CONVERSION = YES;
				CLANG_WARN_NON_LITERAL_NULL_CONVERSION = YES;
				CLANG_WARN_OBJC_IMPLICIT_RETAIN_SELF = YES;
				CLANG_WARN_OBJC_LITERAL_CONVERSION = YES;
				CLANG_WARN_OBJC_ROOT_CLASS = YES_ERROR;
				CLANG_WARN_QUOTED_INCLUDE_IN_FRAMEWORK_HEADER = YES;
				CLANG_WARN_RANGE_LOOP_ANALYSIS = YES;
				CLANG_WARN_STRICT_PROTOTYPES = YES;
				CLANG_WARN_SUSPICIOUS_MOVE = YES;
				CLANG_WARN_UNGUARDED_AVAILABILITY = YES_AGGRESSIVE;
				CLANG_WARN_UNREACHABLE_CODE = YES;
				CLANG_WARN__DUPLICATE_METHOD_MATCH = YES;
				COPY_PHASE_STRIP = NO;
				DEBUG_INFORMATION_FORMAT = dwarf;
				ENABLE_STRICT_OBJC_MSGSEND = YES;
				ENABLE_TESTABILITY = YES;
				ENABLE_USER_SCRIPT_SANDBOXING = YES;
				GCC_C_LANGUAGE_STANDARD = gnu17;
				GCC_DYNAMIC_NO_PIC = NO;
				GCC_NO_COMMON_BLOCKS = YES;
				GCC_OPTIMIZATION_LEVEL = 0;
				GCC_PREPROCESSOR_DEFINITIONS = (
					"DEBUG=1",
					"$(inherited)",
				);
				GCC_WARN_64_TO_32_BIT_CONVERSION = YES;
				GCC_WARN_ABOUT_RETURN_TYPE = YES_ERROR;
				GCC_WARN_UNDECLARED_SELECTOR = YES;
				GCC_WARN_UNINITIALIZED_AUTOS = YES_AGGRESSIVE;
				GCC_WARN_UNUSED_FUNCTION = YES;
				GCC_WARN_UNUSED_VARIABLE = YES;
				IPHONEOS_DEPLOYMENT_TARGET = 17.0;
				LOCALIZATION_PREFERS_STRING_CATALOGS = YES;
				MTL_ENABLE_DEBUG_INFO = INCLUDE_SOURCE;
				MTL_FAST_MATH = YES;
				ONLY_ACTIVE_ARCH = YES;
				SDKROOT = iphoneos;
				SWIFT_ACTIVE_COMPILATION_CONDITIONS = "DEBUG $(inherited)";
				SWIFT_OPTIMIZATION_LEVEL = "-Onone";
			};
			name = Debug;
		};
		AD1296B72C83550700134E29 /* Release */ = {
			isa = XCBuildConfiguration;
			buildSettings = {
				ALWAYS_SEARCH_USER_PATHS = NO;
				ASSETCATALOG_COMPILER_GENERATE_SWIFT_ASSET_SYMBOL_EXTENSIONS = YES;
				CLANG_ANALYZER_NONNULL = YES;
				CLANG_ANALYZER_NUMBER_OBJECT_CONVERSION = YES_AGGRESSIVE;
				CLANG_CXX_LANGUAGE_STANDARD = "gnu++20";
				CLANG_ENABLE_MODULES = YES;
				CLANG_ENABLE_OBJC_ARC = YES;
				CLANG_ENABLE_OBJC_WEAK = YES;
				CLANG_WARN_BLOCK_CAPTURE_AUTORELEASING = YES;
				CLANG_WARN_BOOL_CONVERSION = YES;
				CLANG_WARN_COMMA = YES;
				CLANG_WARN_CONSTANT_CONVERSION = YES;
				CLANG_WARN_DEPRECATED_OBJC_IMPLEMENTATIONS = YES;
				CLANG_WARN_DIRECT_OBJC_ISA_USAGE = YES_ERROR;
				CLANG_WARN_DOCUMENTATION_COMMENTS = YES;
				CLANG_WARN_EMPTY_BODY = YES;
				CLANG_WARN_ENUM_CONVERSION = YES;
				CLANG_WARN_INFINITE_RECURSION = YES;
				CLANG_WARN_INT_CONVERSION = YES;
				CLANG_WARN_NON_LITERAL_NULL_CONVERSION = YES;
				CLANG_WARN_OBJC_IMPLICIT_RETAIN_SELF = YES;
				CLANG_WARN_OBJC_LITERAL_CONVERSION = YES;
				CLANG_WARN_OBJC_ROOT_CLASS = YES_ERROR;
				CLANG_WARN_QUOTED_INCLUDE_IN_FRAMEWORK_HEADER = YES;
				CLANG_WARN_RANGE_LOOP_ANALYSIS = YES;
				CLANG_WARN_STRICT_PROTOTYPES = YES;
				CLANG_WARN_SUSPICIOUS_MOVE = YES;
				CLANG_WARN_UNGUARDED_AVAILABILITY = YES_AGGRESSIVE;
				CLANG_WARN_UNREACHABLE_CODE = YES;
				CLANG_WARN__DUPLICATE_METHOD_MATCH = YES;
				COPY_PHASE_STRIP = NO;
				DEBUG_INFORMATION_FORMAT = "dwarf-with-dsym";
				ENABLE_NS_ASSERTIONS = NO;
				ENABLE_STRICT_OBJC_MSGSEND = YES;
				ENABLE_USER_SCRIPT_SANDBOXING = YES;
				GCC_C_LANGUAGE_STANDARD = gnu17;
				GCC_NO_COMMON_BLOCKS = YES;
				GCC_WARN_64_TO_32_BIT_CONVERSION = YES;
				GCC_WARN_ABOUT_RETURN_TYPE = YES_ERROR;
				GCC_WARN_UNDECLARED_SELECTOR = YES;
				GCC_WARN_UNINITIALIZED_AUTOS = YES_AGGRESSIVE;
				GCC_WARN_UNUSED_FUNCTION = YES;
				GCC_WARN_UNUSED_VARIABLE = YES;
				IPHONEOS_DEPLOYMENT_TARGET = 17.0;
				LOCALIZATION_PREFERS_STRING_CATALOGS = YES;
				MTL_ENABLE_DEBUG_INFO = NO;
				MTL_FAST_MATH = YES;
				SDKROOT = iphoneos;
				SWIFT_COMPILATION_MODE = wholemodule;
				VALIDATE_PRODUCT = YES;
			};
			name = Release;
		};
		AD1296B92C83550700134E29 /* Debug */ = {
			isa = XCBuildConfiguration;
			buildSettings = {
				ASSETCATALOG_COMPILER_APPICON_NAME = AppIcon;
				ASSETCATALOG_COMPILER_GLOBAL_ACCENT_COLOR_NAME = AccentColor;
				CODE_SIGN_STYLE = Automatic;
				CURRENT_PROJECT_VERSION = 1;
				DEVELOPMENT_TEAM = ZJ892K79MM;
				GENERATE_INFOPLIST_FILE = YES;
				INFOPLIST_FILE = Wordle/Info.plist;
				INFOPLIST_KEY_UIApplicationSupportsIndirectInputEvents = YES;
				INFOPLIST_KEY_UILaunchStoryboardName = LaunchScreen;
				INFOPLIST_KEY_UIMainStoryboardFile = Main;
				INFOPLIST_KEY_UISupportedInterfaceOrientations_iPad = "UIInterfaceOrientationPortrait UIInterfaceOrientationPortraitUpsideDown UIInterfaceOrientationLandscapeLeft UIInterfaceOrientationLandscapeRight";
				INFOPLIST_KEY_UISupportedInterfaceOrientations_iPhone = "UIInterfaceOrientationPortrait UIInterfaceOrientationLandscapeLeft UIInterfaceOrientationLandscapeRight";
				LD_RUNPATH_SEARCH_PATHS = (
					"$(inherited)",
					"@executable_path/Frameworks",
				);
				MARKETING_VERSION = 1.0;
				PRODUCT_BUNDLE_IDENTIFIER = com.package.Wordle;
				PRODUCT_NAME = "$(TARGET_NAME)";
				SWIFT_EMIT_LOC_STRINGS = YES;
				SWIFT_VERSION = 5.0;
				TARGETED_DEVICE_FAMILY = "1,2";
			};
			name = Debug;
		};
		AD1296BA2C83550700134E29 /* Release */ = {
			isa = XCBuildConfiguration;
			buildSettings = {
				ASSETCATALOG_COMPILER_APPICON_NAME = AppIcon;
				ASSETCATALOG_COMPILER_GLOBAL_ACCENT_COLOR_NAME = AccentColor;
				CODE_SIGN_STYLE = Automatic;
				CURRENT_PROJECT_VERSION = 1;
				DEVELOPMENT_TEAM = ZJ892K79MM;
				GENERATE_INFOPLIST_FILE = YES;
				INFOPLIST_FILE = Wordle/Info.plist;
				INFOPLIST_KEY_UIApplicationSupportsIndirectInputEvents = YES;
				INFOPLIST_KEY_UILaunchStoryboardName = LaunchScreen;
				INFOPLIST_KEY_UIMainStoryboardFile = Main;
				INFOPLIST_KEY_UISupportedInterfaceOrientations_iPad = "UIInterfaceOrientationPortrait UIInterfaceOrientationPortraitUpsideDown UIInterfaceOrientationLandscapeLeft UIInterfaceOrientationLandscapeRight";
				INFOPLIST_KEY_UISupportedInterfaceOrientations_iPhone = "UIInterfaceOrientationPortrait UIInterfaceOrientationLandscapeLeft UIInterfaceOrientationLandscapeRight";
				LD_RUNPATH_SEARCH_PATHS = (
					"$(inherited)",
					"@executable_path/Frameworks",
				);
				MARKETING_VERSION = 1.0;
				PRODUCT_BUNDLE_IDENTIFIER = com.package.Wordle;
				PRODUCT_NAME = "$(TARGET_NAME)";
				SWIFT_EMIT_LOC_STRINGS = YES;
				SWIFT_VERSION = 5.0;
				TARGETED_DEVICE_FAMILY = "1,2";
			};
			name = Release;
		};
		AD1296BC2C83550700134E29 /* Debug */ = {
			isa = XCBuildConfiguration;
			buildSettings = {
				ALWAYS_EMBED_SWIFT_STANDARD_LIBRARIES = YES;
				BUNDLE_LOADER = "$(TEST_HOST)";
				CODE_SIGN_STYLE = Automatic;
				CURRENT_PROJECT_VERSION = 1;
				DEVELOPMENT_TEAM = ZJ892K79MM;
				GENERATE_INFOPLIST_FILE = YES;
				IPHONEOS_DEPLOYMENT_TARGET = 17.0;
				MARKETING_VERSION = 1.0;
				PRODUCT_BUNDLE_IDENTIFIER = com.package.WordleTests;
				PRODUCT_NAME = "$(TARGET_NAME)";
				SWIFT_EMIT_LOC_STRINGS = NO;
				SWIFT_VERSION = 5.0;
				TARGETED_DEVICE_FAMILY = "1,2";
				TEST_HOST = "$(BUILT_PRODUCTS_DIR)/Wordle.app/$(BUNDLE_EXECUTABLE_FOLDER_PATH)/Wordle";
			};
			name = Debug;
		};
		AD1296BD2C83550700134E29 /* Release */ = {
			isa = XCBuildConfiguration;
			buildSettings = {
				ALWAYS_EMBED_SWIFT_STANDARD_LIBRARIES = YES;
				BUNDLE_LOADER = "$(TEST_HOST)";
				CODE_SIGN_STYLE = Automatic;
				CURRENT_PROJECT_VERSION = 1;
				DEVELOPMENT_TEAM = ZJ892K79MM;
				GENERATE_INFOPLIST_FILE = YES;
				IPHONEOS_DEPLOYMENT_TARGET = 17.0;
				MARKETING_VERSION = 1.0;
				PRODUCT_BUNDLE_IDENTIFIER = com.package.WordleTests;
				PRODUCT_NAME = "$(TARGET_NAME)";
				SWIFT_EMIT_LOC_STRINGS = NO;
				SWIFT_VERSION = 5.0;
				TARGETED_DEVICE_FAMILY = "1,2";
				TEST_HOST = "$(BUILT_PRODUCTS_DIR)/Wordle.app/$(BUNDLE_EXECUTABLE_FOLDER_PATH)/Wordle";
			};
			name = Release;
		};
		AD1296BF2C83550700134E29 /* Debug */ = {
			isa = XCBuildConfiguration;
			buildSettings = {
				ALWAYS_EMBED_SWIFT_STANDARD_LIBRARIES = YES;
				CODE_SIGN_STYLE = Automatic;
				CURRENT_PROJECT_VERSION = 1;
				DEVELOPMENT_TEAM = ZJ892K79MM;
				GENERATE_INFOPLIST_FILE = YES;
				MARKETING_VERSION = 1.0;
				PRODUCT_BUNDLE_IDENTIFIER = com.package.WordleUITests;
				PRODUCT_NAME = "$(TARGET_NAME)";
				SWIFT_EMIT_LOC_STRINGS = NO;
				SWIFT_VERSION = 5.0;
				TARGETED_DEVICE_FAMILY = "1,2";
				TEST_TARGET_NAME = Wordle;
			};
			name = Debug;
		};
		AD1296C02C83550700134E29 /* Release */ = {
			isa = XCBuildConfiguration;
			buildSettings = {
				ALWAYS_EMBED_SWIFT_STANDARD_LIBRARIES = YES;
				CODE_SIGN_STYLE = Automatic;
				CURRENT_PROJECT_VERSION = 1;
				DEVELOPMENT_TEAM = ZJ892K79MM;
				GENERATE_INFOPLIST_FILE = YES;
				MARKETING_VERSION = 1.0;
				PRODUCT_BUNDLE_IDENTIFIER = com.package.WordleUITests;
				PRODUCT_NAME = "$(TARGET_NAME)";
				SWIFT_EMIT_LOC_STRINGS = NO;
				SWIFT_VERSION = 5.0;
				TARGETED_DEVICE_FAMILY = "1,2";
				TEST_TARGET_NAME = Wordle;
			};
			name = Release;
		};
/* End XCBuildConfiguration section */

/* Begin XCConfigurationList section */
		AD1296892C83550500134E29 /* Build configuration list for PBXProject "Wordle" */ = {
			isa = XCConfigurationList;
			buildConfigurations = (
				AD1296B62C83550700134E29 /* Debug */,
				AD1296B72C83550700134E29 /* Release */,
			);
			defaultConfigurationIsVisible = 0;
			defaultConfigurationName = Release;
		};
		AD1296B82C83550700134E29 /* Build configuration list for PBXNativeTarget "Wordle" */ = {
			isa = XCConfigurationList;
			buildConfigurations = (
				AD1296B92C83550700134E29 /* Debug */,
				AD1296BA2C83550700134E29 /* Release */,
			);
			defaultConfigurationIsVisible = 0;
			defaultConfigurationName = Release;
		};
		AD1296BB2C83550700134E29 /* Build configuration list for PBXNativeTarget "WordleTests" */ = {
			isa = XCConfigurationList;
			buildConfigurations = (
				AD1296BC2C83550700134E29 /* Debug */,
				AD1296BD2C83550700134E29 /* Release */,
			);
			defaultConfigurationIsVisible = 0;
			defaultConfigurationName = Release;
		};
		AD1296BE2C83550700134E29 /* Build configuration list for PBXNativeTarget "WordleUITests" */ = {
			isa = XCConfigurationList;
			buildConfigurations = (
				AD1296BF2C83550700134E29 /* Debug */,
				AD1296C02C83550700134E29 /* Release */,
			);
			defaultConfigurationIsVisible = 0;
			defaultConfigurationName = Release;
		};
/* End XCConfigurationList section */
	};
	rootObject = AD1296862C83550500134E29 /* Project object */;
}
